{
  "version": 4,
  "terraform_version": "1.13.3",
  "serial": 21,
  "lineage": "8bc53822-65d8-c120-c4ff-1b8392f76b10",
  "outputs": {
    "service_url": {
      "value": "",
      "type": "string"
    }
  },
  "resources": [
    {
      "mode": "data",
      "type": "google_project",
      "name": "project",
      "provider": "provider[\"registry.terraform.io/hashicorp/google\"]",
      "instances": [
        {
          "schema_version": 0,
          "attributes": {
            "auto_create_network": null,
            "billing_account": "015DF6-1A466A-984788",
            "deletion_policy": "PREVENT",
            "effective_labels": {},
            "folder_id": null,
            "id": "projects/rawson-devops-project",
            "labels": {},
            "name": "rawson-devops-project",
            "number": "519424870379",
            "org_id": null,
            "project_id": "rawson-devops-project",
            "tags": null,
            "terraform_labels": {}
          },
          "sensitive_attributes": [],
          "identity_schema_version": 0
        }
      ]
    },
    {
      "mode": "managed",
      "type": "google_artifact_registry_repository",
      "name": "repo",
      "provider": "provider[\"registry.terraform.io/hashicorp/google\"]",
      "instances": [
        {
          "schema_version": 0,
          "attributes": {
            "cleanup_policies": [],
            "cleanup_policy_dry_run": false,
            "create_time": "2026-03-30T22:18:50.392641Z",
            "description": "",
            "docker_config": [],
            "effective_labels": {
              "goog-terraform-provisioned": "true"
            },
            "format": "DOCKER",
            "id": "projects/rawson-devops-project/locations/us-central1/repositories/my-repo",
            "kms_key_name": "",
            "labels": {},
            "location": "us-central1",
            "maven_config": [],
            "mode": "STANDARD_REPOSITORY",
            "name": "my-repo",
            "project": "rawson-devops-project",
            "registry_uri": "us-central1-docker.pkg.dev/rawson-devops-project/my-repo",
            "remote_repository_config": [],
            "repository_id": "my-repo",
            "terraform_labels": {
              "goog-terraform-provisioned": "true"
            },
            "timeouts": null,
            "update_time": "2026-03-31T12:08:33.766163Z",
            "virtual_repository_config": [],
            "vulnerability_scanning_config": [
              {
                "enablement_config": "",
                "enablement_state": "SCANNING_DISABLED",
                "enablement_state_reason": "API containerscanning.googleapis.com is not enabled."
              }
            ]
          },
          "sensitive_attributes": [],
          "identity_schema_version": 0,
          "private": "eyJlMmJmYjczMC1lY2FhLTExZTYtOGY4OC0zNDM2M2JjN2M0YzAiOnsiY3JlYXRlIjoxMjAwMDAwMDAwMDAwLCJkZWxldGUiOjEyMDAwMDAwMDAwMDAsInVwZGF0ZSI6MTIwMDAwMDAwMDAwMH19"
        }
      ]
    },
    {
      "mode": "managed",
      "type": "google_cloud_run_service",
      "name": "landing_page",
      "provider": "provider[\"registry.terraform.io/hashicorp/google\"]",
      "instances": [
        {
          "schema_version": 2,
          "attributes": {
            "autogenerate_revision_name": false,
            "id": "locations/us-central1/namespaces/rawson-devops-project/services/my-landing-page",
            "location": "us-central1",
            "metadata": [
              {
                "annotations": {},
                "effective_annotations": {
                  "run.googleapis.com/ingress": "all",
                  "run.googleapis.com/ingress-status": "all",
                  "run.googleapis.com/maxScale": "20",
                  "run.googleapis.com/operation-id": "bfd368b3-cc58-4971-a6b3-9e596c3f7715",
                  "run.googleapis.com/urls": "[\"https://my-landing-page-519424870379.us-central1.run.app\"]",
                  "serving.knative.dev/creator": "osagierawson@gmail.com",
                  "serving.knative.dev/lastModifier": "osagierawson@gmail.com"
                },
                "effective_labels": {
                  "cloud.googleapis.com/location": "us-central1"
                },
                "generation": 1,
                "labels": {},
                "namespace": "rawson-devops-project",
                "resource_version": "AAZORwkeNPU",
                "self_link": "/apis/serving.knative.dev/v1/namespaces/519424870379/services/my-landing-page",
                "terraform_labels": {},
                "uid": "b202e010-d785-4887-8075-1aaf2681923c"
              }
            ],
            "name": "my-landing-page",
            "project": "rawson-devops-project",
            "status": [
              {
                "conditions": [
                  {
                    "message": "The user-provided container failed to start and listen on the port defined provided by the PORT=8080 environment variable within the allocated timeout. This can happen when the container port is misconfigured or if the timeout is too short. The health check timeout can be extended. Logs for this revision might contain more information.\n\nLogs URL: https://console.cloud.google.com/logs/viewer?project=rawson-devops-project\u0026resource=cloud_run_revision/service_name/my-landing-page/revision_name/my-landing-page-00001-8bb\u0026advancedFilter=resource.type%3D%22cloud_run_revision%22%0Aresource.labels.service_name%3D%22my-landing-page%22%0Aresource.labels.revision_name%3D%22my-landing-page-00001-8bb%22 \nFor more troubleshooting guidance, see https://cloud.google.com/run/docs/troubleshooting#container-failed-to-start",
                    "reason": "HealthCheckContainerError",
                    "status": "False",
                    "type": "Ready"
                  },
                  {
                    "message": "The user-provided container failed to start and listen on the port defined provided by the PORT=8080 environment variable within the allocated timeout. This can happen when the container port is misconfigured or if the timeout is too short. The health check timeout can be extended. Logs for this revision might contain more information.\n\nLogs URL: https://console.cloud.google.com/logs/viewer?project=rawson-devops-project\u0026resource=cloud_run_revision/service_name/my-landing-page/revision_name/my-landing-page-00001-8bb\u0026advancedFilter=resource.type%3D%22cloud_run_revision%22%0Aresource.labels.service_name%3D%22my-landing-page%22%0Aresource.labels.revision_name%3D%22my-landing-page-00001-8bb%22 \nFor more troubleshooting guidance, see https://cloud.google.com/run/docs/troubleshooting#container-failed-to-start",
                    "reason": "HealthCheckContainerError",
                    "status": "False",
                    "type": "ConfigurationsReady"
                  },
                  {
                    "message": "The user-provided container failed to start and listen on the port defined provided by the PORT=8080 environment variable within the allocated timeout. This can happen when the container port is misconfigured or if the timeout is too short. The health check timeout can be extended. Logs for this revision might contain more information.\n\nLogs URL: https://console.cloud.google.com/logs/viewer?project=rawson-devops-project\u0026resource=cloud_run_revision/service_name/my-landing-page/revision_name/my-landing-page-00001-8bb\u0026advancedFilter=resource.type%3D%22cloud_run_revision%22%0Aresource.labels.service_name%3D%22my-landing-page%22%0Aresource.labels.revision_name%3D%22my-landing-page-00001-8bb%22 \nFor more troubleshooting guidance, see https://cloud.google.com/run/docs/troubleshooting#container-failed-to-start",
                    "reason": "HealthCheckContainerError",
                    "status": "False",
                    "type": "RoutesReady"
                  }
                ],
                "latest_created_revision_name": "my-landing-page-00001-8bb",
                "latest_ready_revision_name": "",
                "observed_generation": 1,
                "traffic": [],
                "url": ""
              }
            ],
            "template": [
              {
                "metadata": [
                  {
                    "annotations": {},
                    "generation": 0,
                    "labels": {
                      "run.googleapis.com/startupProbeType": "Default"
                    },
                    "name": "",
                    "namespace": "",
                    "resource_version": "",
                    "self_link": "",
                    "uid": ""
                  }
                ],
                "spec": [
                  {
                    "container_concurrency": 80,
                    "containers": [
                      {
                        "args": [],
                        "command": [],
                        "env": [],
                        "env_from": [],
                        "image": "us-central1-docker.pkg.dev/rawson-devops-project/my-repo/landing-page:latest",
                        "liveness_probe": [],
                        "name": "",
                        "ports": [
                          {
                            "container_port": 8080,
                            "name": "http1",
                            "protocol": ""
                          }
                        ],
                        "readiness_probe": [],
                        "resources": [
                          {
                            "limits": {
                              "cpu": "1000m",
                              "memory": "512Mi"
                            },
                            "requests": {}
                          }
                        ],
                        "startup_probe": [
                          {
                            "failure_threshold": 1,
                            "grpc": [],
                            "http_get": [],
                            "initial_delay_seconds": 0,
                            "period_seconds": 240,
                            "tcp_socket": [
                              {
                                "port": 8080
                              }
                            ],
                            "timeout_seconds": 240
                          }
                        ],
                        "volume_mounts": [],
                        "working_dir": ""
                      }
                    ],
                    "node_selector": {},
                    "service_account_name": "519424870379-compute@developer.gserviceaccount.com",
                    "serving_state": "",
                    "timeout_seconds": 300,
                    "volumes": []
                  }
                ]
              }
            ],
            "timeouts": null,
            "traffic": [
              {
                "latest_revision": true,
                "percent": 100,
                "revision_name": "",
                "tag": "",
                "url": ""
              }
            ]
          },
          "sensitive_attributes": [],
          "identity_schema_version": 0,
          "private": "eyJlMmJmYjczMC1lY2FhLTExZTYtOGY4OC0zNDM2M2JjN2M0YzAiOnsiY3JlYXRlIjoxMjAwMDAwMDAwMDAwLCJkZWxldGUiOjEyMDAwMDAwMDAwMDAsInVwZGF0ZSI6MTIwMDAwMDAwMDAwMH0sInNjaGVtYV92ZXJzaW9uIjoiMiJ9",
          "dependencies": [
            "google_project_service.run_api"
          ]
        }
      ]
    },
    {
      "mode": "managed",
      "type": "google_cloud_run_service_iam_member",
      "name": "public_access",
      "provider": "provider[\"registry.terraform.io/hashicorp/google\"]",
      "instances": [
        {
          "schema_version": 0,
          "attributes": {
            "condition": [],
            "etag": "BwZOUS+oz94=",
            "id": "v1/projects/rawson-devops-project/locations/us-central1/services/my-landing-page/roles/run.invoker/allUsers",
            "location": "us-central1",
            "member": "allUsers",
            "project": "rawson-devops-project",
            "role": "roles/run.invoker",
            "service": "v1/projects/rawson-devops-project/locations/us-central1/services/my-landing-page"
          },
          "sensitive_attributes": [],
          "identity_schema_version": 0,
          "private": "bnVsbA==",
          "dependencies": [
            "google_cloud_run_service.landing_page",
            "google_project_service.run_api"
          ]
        }
      ]
    },
    {
      "mode": "managed",
      "type": "google_project_iam_member",
      "name": "artifact_registry_reader",
      "provider": "provider[\"registry.terraform.io/hashicorp/google\"]",
      "instances": [
        {
          "schema_version": 0,
          "attributes": {
            "condition": [],
            "etag": "BwZORTvLtpA=",
            "id": "rawson-devops-project/roles/artifactregistry.reader/serviceAccount:519424870379-compute@developer.gserviceaccount.com",
            "member": "serviceAccount:519424870379-compute@developer.gserviceaccount.com",
            "project": "rawson-devops-project",
            "role": "roles/artifactregistry.reader"
          },
          "sensitive_attributes": [],
          "identity_schema_version": 0,
          "private": "bnVsbA==",
          "dependencies": [
            "data.google_project.project"
          ]
        }
      ]
    },
    {
      "mode": "managed",
      "type": "google_project_service",
      "name": "run_api",
      "provider": "provider[\"registry.terraform.io/hashicorp/google\"]",
      "instances": [
        {
          "schema_version": 0,
          "attributes": {
            "disable_dependent_services": null,
            "disable_on_destroy": null,
            "id": "rawson-devops-project/run.googleapis.com",
            "project": "rawson-devops-project",
            "service": "run.googleapis.com",
            "timeouts": null
          },
          "sensitive_attributes": [],
          "identity_schema_version": 0,
          "private": "eyJlMmJmYjczMC1lY2FhLTExZTYtOGY4OC0zNDM2M2JjN2M0YzAiOnsiY3JlYXRlIjoxMjAwMDAwMDAwMDAwLCJkZWxldGUiOjEyMDAwMDAwMDAwMDAsInJlYWQiOjYwMDAwMDAwMDAwMCwidXBkYXRlIjoxMjAwMDAwMDAwMDAwfX0="
        }
      ]
    }
  ],
  "check_results": null
}
